// !$*UTF8*$!
{
	archiveVersion = 1;
	classes = {
	};
	objectVersion = 56;
	objects = {

/* Begin PBXBuildFile section */
		577509732922C44F0075155C /* AppDelegate.swift in Sources */ = {isa = PBXBuildFile; fileRef = 577509722922C44F0075155C /* AppDelegate.swift */; };
		577509752922C44F0075155C /* SceneDelegate.swift in Sources */ = {isa = PBXBuildFile; fileRef = 577509742922C44F0075155C /* SceneDelegate.swift */; };
		577509772922C44F0075155C /* ViewController.swift in Sources */ = {isa = PBXBuildFile; fileRef = 577509762922C44F0075155C /* ViewController.swift */; };
		5775097C2922C4500075155C /* Assets.xcassets in Resources */ = {isa = PBXBuildFile; fileRef = 5775097B2922C4500075155C /* Assets.xcassets */; };
		5775097F2922C4500075155C /* LaunchScreen.storyboard in Resources */ = {isa = PBXBuildFile; fileRef = 5775097D2922C4500075155C /* LaunchScreen.storyboard */; };
		5775098C2922C4940075155C /* MovieTableViewCell.swift in Sources */ = {isa = PBXBuildFile; fileRef = 5775098B2922C4940075155C /* MovieTableViewCell.swift */; };
		5775098E2922C4A10075155C /* MovieListViewModel.swift in Sources */ = {isa = PBXBuildFile; fileRef = 5775098D2922C4A10075155C /* MovieListViewModel.swift */; };
		577509902922C4A90075155C /* PageResult.swift in Sources */ = {isa = PBXBuildFile; fileRef = 5775098F2922C4A90075155C /* PageResult.swift */; };
		577509922922C4B60075155C /* NetworkManager.swift in Sources */ = {isa = PBXBuildFile; fileRef = 577509912922C4B60075155C /* NetworkManager.swift */; };
		577509942922C4C50075155C /* NetworkError.swift in Sources */ = {isa = PBXBuildFile; fileRef = 577509932922C4C50075155C /* NetworkError.swift */; };
		577509962922C4CE0075155C /* NetworkParams.swift in Sources */ = {isa = PBXBuildFile; fileRef = 577509952922C4CE0075155C /* NetworkParams.swift */; };
		577509982922C4D70075155C /* ImageCache.swift in Sources */ = {isa = PBXBuildFile; fileRef = 577509972922C4D70075155C /* ImageCache.swift */; };
/* End PBXBuildFile section */

/* Begin PBXFileReference section */
		5775096F2922C44F0075155C /* MoviesUIKit.app */ = {isa = PBXFileReference; explicitFileType = wrapper.application; includeInIndex = 0; path = MoviesUIKit.app; sourceTree = BUILT_PRODUCTS_DIR; };
		577509722922C44F0075155C /* AppDelegate.swift */ = {isa = PBXFileReference; lastKnownFileType = sourcecode.swift; path = AppDelegate.swift; sourceTree = "<group>"; };
		577509742922C44F0075155C /* SceneDelegate.swift */ = {isa = PBXFileReference; lastKnownFileType = sourcecode.swift; path = SceneDelegate.swift; sourceTree = "<group>"; };
		577509762922C44F0075155C /* ViewController.swift */ = {isa = PBXFileReference; lastKnownFileType = sourcecode.swift; path = ViewController.swift; sourceTree = "<group>"; };
		5775097B2922C4500075155C /* Assets.xcassets */ = {isa = PBXFileReference; lastKnownFileType = folder.assetcatalog; path = Assets.xcassets; sourceTree = "<group>"; };
		5775097E2922C4500075155C /* Base */ = {isa = PBXFileReference; lastKnownFileType = file.storyboard; name = Base; path = Base.lproj/LaunchScreen.storyboard; sourceTree = "<group>"; };
		577509802922C4500075155C /* Info.plist */ = {isa = PBXFileReference; lastKnownFileType = text.plist.xml; path = Info.plist; sourceTree = "<group>"; };
		5775098B2922C4940075155C /* MovieTableViewCell.swift */ = {isa = PBXFileReference; lastKnownFileType = sourcecode.swift; path = MovieTableViewCell.swift; sourceTree = "<group>"; };
		5775098D2922C4A10075155C /* MovieListViewModel.swift */ = {isa = PBXFileReference; lastKnownFileType = sourcecode.swift; path = MovieListViewModel.swift; sourceTree = "<group>"; };
		5775098F2922C4A90075155C /* PageResult.swift */ = {isa = PBXFileReference; lastKnownFileType = sourcecode.swift; path = PageResult.swift; sourceTree = "<group>"; };
		577509912922C4B60075155C /* NetworkManager.swift */ = {isa = PBXFileReference; lastKnownFileType = sourcecode.swift; path = NetworkManager.swift; sourceTree = "<group>"; };
		577509932922C4C50075155C /* NetworkError.swift */ = {isa = PBXFileReference; lastKnownFileType = sourcecode.swift; path = NetworkError.swift; sourceTree = "<group>"; };
		577509952922C4CE0075155C /* NetworkParams.swift */ = {isa = PBXFileReference; lastKnownFileType = sourcecode.swift; path = NetworkParams.swift; sourceTree = "<group>"; };
		577509972922C4D70075155C /* ImageCache.swift */ = {isa = PBXFileReference; lastKnownFileType = sourcecode.swift; path = ImageCache.swift; sourceTree = "<group>"; };
/* End PBXFileReference section */

/* Begin PBXFrameworksBuildPhase section */
		5775096C2922C44F0075155C /* Frameworks */ = {
			isa = PBXFrameworksBuildPhase;
			buildActionMask = 2147483647;
			files = (
			);
			runOnlyForDeploymentPostprocessing = 0;
		};
/* End PBXFrameworksBuildPhase section */

/* Begin PBXGroup section */
		577509662922C44F0075155C = {
			isa = PBXGroup;
			children = (
				577509712922C44F0075155C /* MoviesUIKit */,
				577509702922C44F0075155C /* Products */,
			);
			sourceTree = "<group>";
		};
		577509702922C44F0075155C /* Products */ = {
			isa = PBXGroup;
			children = (
				5775096F2922C44F0075155C /* MoviesUIKit.app */,
			);
			name = Products;
			sourceTree = "<group>";
		};
		577509712922C44F0075155C /* MoviesUIKit */ = {
			isa = PBXGroup;
			children = (
				5775098A2922C4710075155C /* Resource */,
				577509892922C46E0075155C /* View */,
				577509882922C46B0075155C /* ViewModel */,
				577509872922C4680075155C /* Model */,
				577509862922C4610075155C /* Service */,
				5775097B2922C4500075155C /* Assets.xcassets */,
				5775097D2922C4500075155C /* LaunchScreen.storyboard */,
				577509802922C4500075155C /* Info.plist */,
			);
			path = MoviesUIKit;
			sourceTree = "<group>";
		};
		577509862922C4610075155C /* Service */ = {
			isa = PBXGroup;
			children = (
				577509912922C4B60075155C /* NetworkManager.swift */,
				577509932922C4C50075155C /* NetworkError.swift */,
				577509952922C4CE0075155C /* NetworkParams.swift */,
				577509972922C4D70075155C /* ImageCache.swift */,
			);
			path = Service;
			sourceTree = "<group>";
		};
		577509872922C4680075155C /* Model */ = {
			isa = PBXGroup;
			children = (
				5775098F2922C4A90075155C /* PageResult.swift */,
			);
			path = Model;
			sourceTree = "<group>";
		};
		577509882922C46B0075155C /* ViewModel */ = {
			isa = PBXGroup;
			children = (
				5775098D2922C4A10075155C /* MovieListViewModel.swift */,
			);
			path = ViewModel;
			sourceTree = "<group>";
		};
		577509892922C46E0075155C /* View */ = {
			isa = PBXGroup;
			children = (
				577509762922C44F0075155C /* ViewController.swift */,
				5775098B2922C4940075155C /* MovieTableViewCell.swift */,
			);
			path = View;
			sourceTree = "<group>";
		};
		5775098A2922C4710075155C /* Resource */ = {
			isa = PBXGroup;
			children = (
				577509722922C44F0075155C /* AppDelegate.swift */,
				577509742922C44F0075155C /* SceneDelegate.swift */,
			);
			path = Resource;
			sourceTree = "<group>";
		};
/* End PBXGroup section */

/* Begin PBXNativeTarget section */
		5775096E2922C44F0075155C /* MoviesUIKit */ = {
			isa = PBXNativeTarget;
			buildConfigurationList = 577509832922C4500075155C /* Build configuration list for PBXNativeTarget "MoviesUIKit" */;
			buildPhases = (
				5775096B2922C44F0075155C /* Sources */,
				5775096C2922C44F0075155C /* Frameworks */,
				5775096D2922C44F0075155C /* Resources */,
			);
			buildRules = (
			);
			dependencies = (
			);
			name = MoviesUIKit;
			productName = MoviesUIKit;
			productReference = 5775096F2922C44F0075155C /* MoviesUIKit.app */;
			productType = "com.apple.product-type.application";
		};
/* End PBXNativeTarget section */

/* Begin PBXProject section */
		577509672922C44F0075155C /* Project object */ = {
			isa = PBXProject;
			attributes = {
				BuildIndependentTargetsInParallel = 1;
				LastSwiftUpdateCheck = 1400;
				LastUpgradeCheck = 1400;
				TargetAttributes = {
					5775096E2922C44F0075155C = {
						CreatedOnToolsVersion = 14.0.1;
					};
				};
			};
			buildConfigurationList = 5775096A2922C44F0075155C /* Build configuration list for PBXProject "MoviesUIKit" */;
			compatibilityVersion = "Xcode 14.0";
			developmentRegion = en;
			hasScannedForEncodings = 0;
			knownRegions = (
				en,
				Base,
			);
			mainGroup = 577509662922C44F0075155C;
			productRefGroup = 577509702922C44F0075155C /* Products */;
			projectDirPath = "";
			projectRoot = "";
			targets = (
				5775096E2922C44F0075155C /* MoviesUIKit */,
			);
		};
/* End PBXProject section */

/* Begin PBXResourcesBuildPhase section */
		5775096D2922C44F0075155C /* Resources */ = {
			isa = PBXResourcesBuildPhase;
			buildActionMask = 2147483647;
			files = (
				5775097F2922C4500075155C /* LaunchScreen.storyboard in Resources */,
				5775097C2922C4500075155C /* Assets.xcassets in Resources */,
			);
			runOnlyForDeploymentPostprocessing = 0;
		};
/* End PBXResourcesBuildPhase section */

/* Begin PBXSourcesBuildPhase section */
		5775096B2922C44F0075155C /* Sources */ = {
			isa = PBXSourcesBuildPhase;
			buildActionMask = 2147483647;
			files = (
				577509982922C4D70075155C /* ImageCache.swift in Sources */,
				577509772922C44F0075155C /* ViewController.swift in Sources */,
				577509942922C4C50075155C /* NetworkError.swift in Sources */,
				577509902922C4A90075155C /* PageResult.swift in Sources */,
				577509732922C44F0075155C /* AppDelegate.swift in Sources */,
				577509922922C4B60075155C /* NetworkManager.swift in Sources */,
				5775098C2922C4940075155C /* MovieTableViewCell.swift in Sources */,
				577509752922C44F0075155C /* SceneDelegate.swift in Sources */,
				5775098E2922C4A10075155C /* MovieListViewModel.swift in Sources */,
				577509962922C4CE0075155C /* NetworkParams.swift in Sources */,
			);
			runOnlyForDeploymentPostprocessing = 0;
		};
/* End PBXSourcesBuildPhase section */

/* Begin PBXVariantGroup section */
		5775097D2922C4500075155C /* LaunchScreen.storyboard */ = {
			isa = PBXVariantGroup;
			children = (
				5775097E2922C4500075155C /* Base */,
			);
			name = LaunchScreen.storyboard;
			sourceTree = "<group>";
		};
/* End PBXVariantGroup section */

/* Begin XCBuildConfiguration section */
		577509812922C4500075155C /* Debug */ = {
			isa = XCBuildConfiguration;
			buildSettings = {
				ALWAYS_SEARCH_USER_PATHS = NO;
				CLANG_ANALYZER_NONNULL = YES;
				CLANG_ANALYZER_NUMBER_OBJECT_CONVERSION = YES_AGGRESSIVE;
				CLANG_CXX_LANGUAGE_STANDARD = "gnu++20";
				CLANG_ENABLE_MODULES = YES;
				CLANG_ENABLE_OBJC_ARC = YES;
				CLANG_ENABLE_OBJC_WEAK = YES;
				CLANG_WARN_BLOCK_CAPTURE_AUTORELEASING = YES;
				CLANG_WARN_BOOL_CONVERSION = YES;
				CLANG_WARN_COMMA = YES;
				CLANG_WARN_CONSTANT_CONVERSION = YES;
				CLANG_WARN_DEPRECATED_OBJC_IMPLEMENTATIONS = YES;
				CLANG_WARN_DIRECT_OBJC_ISA_USAGE = YES_ERROR;
				CLANG_WARN_DOCUMENTATION_COMMENTS = YES;
				CLANG_WARN_EMPTY_BODY = YES;
				CLANG_WARN_ENUM_CONVERSION = YES;
				CLANG_WARN_INFINITE_RECURSION = YES;
				CLANG_WARN_INT_CONVERSION = YES;
				CLANG_WARN_NON_LITERAL_NULL_CONVERSION = YES;
				CLANG_WARN_OBJC_IMPLICIT_RETAIN_SELF = YES;
				CLANG_WARN_OBJC_LITERAL_CONVERSION = YES;
				CLANG_WARN_OBJC_ROOT_CLASS = YES_ERROR;
				CLANG_WARN_QUOTED_INCLUDE_IN_FRAMEWORK_HEADER = YES;
				CLANG_WARN_RANGE_LOOP_ANALYSIS = YES;
				CLANG_WARN_STRICT_PROTOTYPES = YES;
				CLANG_WARN_SUSPICIOUS_MOVE = YES;
				CLANG_WARN_UNGUARDED_AVAILABILITY = YES_AGGRESSIVE;
				CLANG_WARN_UNREACHABLE_CODE = YES;
				CLANG_WARN__DUPLICATE_METHOD_MATCH = YES;
				COPY_PHASE_STRIP = NO;
				DEBUG_INFORMATION_FORMAT = dwarf;
				ENABLE_STRICT_OBJC_MSGSEND = YES;
				ENABLE_TESTABILITY = YES;
				GCC_C_LANGUAGE_STANDARD = gnu11;
				GCC_DYNAMIC_NO_PIC = NO;
				GCC_NO_COMMON_BLOCKS = YES;
				GCC_OPTIMIZATION_LEVEL = 0;
				GCC_PREPROCESSOR_DEFINITIONS = (
					"DEBUG=1",
					"$(inherited)",
				);
				GCC_WARN_64_TO_32_BIT_CONVERSION = YES;
				GCC_WARN_ABOUT_RETURN_TYPE = YES_ERROR;
				GCC_WARN_UNDECLARED_SELECTOR = YES;
				GCC_WARN_UNINITIALIZED_AUTOS = YES_AGGRESSIVE;
				GCC_WARN_UNUSED_FUNCTION = YES;
				GCC_WARN_UNUSED_VARIABLE = YES;
				INFOPLIST_KEY_NSMainStoryboardFile = "";
				INFOPLIST_KEY_UIMainStoryboardFile = "";
				IPHONEOS_DEPLOYMENT_TARGET = 16.0;
				MTL_ENABLE_DEBUG_INFO = INCLUDE_SOURCE;
				MTL_FAST_MATH = YES;
				ONLY_ACTIVE_ARCH = YES;
				SDKROOT = iphoneos;
				SWIFT_ACTIVE_COMPILATION_CONDITIONS = DEBUG;
				SWIFT_OPTIMIZATION_LEVEL = "-Onone";
			};
			name = Debug;
		};
		577509822922C4500075155C /* Release */ = {
			isa = XCBuildConfiguration;
			buildSettings = {
				ALWAYS_SEARCH_USER_PATHS = NO;
				CLANG_ANALYZER_NONNULL = YES;
				CLANG_ANALYZER_NUMBER_OBJECT_CONVERSION = YES_AGGRESSIVE;
				CLANG_CXX_LANGUAGE_STANDARD = "gnu++20";
				CLANG_ENABLE_MODULES = YES;
				CLANG_ENABLE_OBJC_ARC = YES;
				CLANG_ENABLE_OBJC_WEAK = YES;
				CLANG_WARN_BLOCK_CAPTURE_AUTORELEASING = YES;
				CLANG_WARN_BOOL_CONVERSION = YES;
				CLANG_WARN_COMMA = YES;
				CLANG_WARN_CONSTANT_CONVERSION = YES;
				CLANG_WARN_DEPRECATED_OBJC_IMPLEMENTATIONS = YES;
				CLANG_WARN_DIRECT_OBJC_ISA_USAGE = YES_ERROR;
				CLANG_WARN_DOCUMENTATION_COMMENTS = YES;
				CLANG_WARN_EMPTY_BODY = YES;
				CLANG_WARN_ENUM_CONVERSION = YES;
				CLANG_WARN_INFINITE_RECURSION = YES;
				CLANG_WARN_INT_CONVERSION = YES;
				CLANG_WARN_NON_LITERAL_NULL_CONVERSION = YES;
				CLANG_WARN_OBJC_IMPLICIT_RETAIN_SELF = YES;
				CLANG_WARN_OBJC_LITERAL_CONVERSION = YES;
				CLANG_WARN_OBJC_ROOT_CLASS = YES_ERROR;
				CLANG_WARN_QUOTED_INCLUDE_IN_FRAMEWORK_HEADER = YES;
				CLANG_WARN_RANGE_LOOP_ANALYSIS = YES;
				CLANG_WARN_STRICT_PROTOTYPES = YES;
				CLANG_WARN_SUSPICIOUS_MOVE = YES;
				CLANG_WARN_UNGUARDED_AVAILABILITY = YES_AGGRESSIVE;
				CLANG_WARN_UNREACHABLE_CODE = YES;
				CLANG_WARN__DUPLICATE_METHOD_MATCH = YES;
				COPY_PHASE_STRIP = NO;
				DEBUG_INFORMATION_FORMAT = "dwarf-with-dsym";
				ENABLE_NS_ASSERTIONS = NO;
				ENABLE_STRICT_OBJC_MSGSEND = YES;
				GCC_C_LANGUAGE_STANDARD = gnu11;
				GCC_NO_COMMON_BLOCKS = YES;
				GCC_WARN_64_TO_32_BIT_CONVERSION = YES;
				GCC_WARN_ABOUT_RETURN_TYPE = YES_ERROR;
				GCC_WARN_UNDECLARED_SELECTOR = YES;
				GCC_WARN_UNINITIALIZED_AUTOS = YES_AGGRESSIVE;
				GCC_WARN_UNUSED_FUNCTION = YES;
				GCC_WARN_UNUSED_VARIABLE = YES;
				INFOPLIST_KEY_NSMainStoryboardFile = "";
				INFOPLIST_KEY_UIMainStoryboardFile = "";
				IPHONEOS_DEPLOYMENT_TARGET = 16.0;
				MTL_ENABLE_DEBUG_INFO = NO;
				MTL_FAST_MATH = YES;
				SDKROOT = iphoneos;
				SWIFT_COMPILATION_MODE = wholemodule;
				SWIFT_OPTIMIZATION_LEVEL = "-O";
				VALIDATE_PRODUCT = YES;
			};
			name = Release;
		};
		577509842922C4500075155C /* Debug */ = {
			isa = XCBuildConfiguration;
			buildSettings = {
				ASSETCATALOG_COMPILER_APPICON_NAME = AppIcon;
				ASSETCATALOG_COMPILER_GLOBAL_ACCENT_COLOR_NAME = AccentColor;
				CODE_SIGN_STYLE = Automatic;
				CURRENT_PROJECT_VERSION = 1;
				GENERATE_INFOPLIST_FILE = YES;
				INFOPLIST_FILE = MoviesUIKit/Info.plist;
				INFOPLIST_KEY_UIApplicationSupportsIndirectInputEvents = YES;
				INFOPLIST_KEY_UILaunchStoryboardName = LaunchScreen;
				INFOPLIST_KEY_UISupportedInterfaceOrientations_iPad = "UIInterfaceOrientationPortrait UIInterfaceOrientationPortraitUpsideDown UIInterfaceOrientationLandscapeLeft UIInterfaceOrientationLandscapeRight";
				INFOPLIST_KEY_UISupportedInterfaceOrientations_iPhone = "UIInterfaceOrientationPortrait UIInterfaceOrientationLandscapeLeft UIInterfaceOrientationLandscapeRight";
				LD_RUNPATH_SEARCH_PATHS = (
					"$(inherited)",
					"@executable_path/Frameworks",
				);
				MARKETING_VERSION = 1.0;
				PRODUCT_BUNDLE_IDENTIFIER = MarcusWashington.MoviesUIKit;
				PRODUCT_NAME = "$(TARGET_NAME)";
				SWIFT_EMIT_LOC_STRINGS = YES;
				SWIFT_VERSION = 5.0;
				TARGETED_DEVICE_FAMILY = "1,2";
			};
			name = Debug;
		};
		577509852922C4500075155C /* Release */ = {
			isa = XCBuildConfiguration;
			buildSettings = {
				ASSETCATALOG_COMPILER_APPICON_NAME = AppIcon;
				ASSETCATALOG_COMPILER_GLOBAL_ACCENT_COLOR_NAME = AccentColor;
				CODE_SIGN_STYLE = Automatic;
				CURRENT_PROJECT_VERSION = 1;
				GENERATE_INFOPLIST_FILE = YES;
				INFOPLIST_FILE = MoviesUIKit/Info.plist;
				INFOPLIST_KEY_UIApplicationSupportsIndirectInputEvents = YES;
				INFOPLIST_KEY_UILaunchStoryboardName = LaunchScreen;
				INFOPLIST_KEY_UISupportedInterfaceOrientations_iPad = "UIInterfaceOrientationPortrait UIInterfaceOrientationPortraitUpsideDown UIInterfaceOrientationLandscapeLeft UIInterfaceOrientationLandscapeRight";
				INFOPLIST_KEY_UISupportedInterfaceOrientations_iPhone = "UIInterfaceOrientationPortrait UIInterfaceOrientationLandscapeLeft UIInterfaceOrientationLandscapeRight";
				LD_RUNPATH_SEARCH_PATHS = (
					"$(inherited)",
					"@executable_path/Frameworks",
				);
				MARKETING_VERSION = 1.0;
				PRODUCT_BUNDLE_IDENTIFIER = MarcusWashington.MoviesUIKit;
				PRODUCT_NAME = "$(TARGET_NAME)";
				SWIFT_EMIT_LOC_STRINGS = YES;
				SWIFT_VERSION = 5.0;
				TARGETED_DEVICE_FAMILY = "1,2";
			};
			name = Release;
		};
/* End XCBuildConfiguration section */

/* Begin XCConfigurationList section */
		5775096A2922C44F0075155C /* Build configuration list for PBXProject "MoviesUIKit" */ = {
			isa = XCConfigurationList;
			buildConfigurations = (
				577509812922C4500075155C /* Debug */,
				577509822922C4500075155C /* Release */,
			);
			defaultConfigurationIsVisible = 0;
			defaultConfigurationName = Release;
		};
		577509832922C4500075155C /* Build configuration list for PBXNativeTarget "MoviesUIKit" */ = {
			isa = XCConfigurationList;
			buildConfigurations = (
				577509842922C4500075155C /* Debug */,
				577509852922C4500075155C /* Release */,
			);
			defaultConfigurationIsVisible = 0;
			defaultConfigurationName = Release;
		};
/* End XCConfigurationList section */
	};
	rootObject = 577509672922C44F0075155C /* Project object */;
}
